
Microsoft Visual Studio Solution File, Format Version 12.00
# Visual Studio Version 17
VisualStudioVersion = 17.10.35013.160
MinimumVisualStudioVersion = 10.0.40219.1
Project("{FAE04EC0-301F-11D3-BF4B-00C04F79EFBC}") = "Ardonagh-CustomerInterface-Blazor", "Ardonagh-CustomerInterface-Blazor.csproj", "{94996817-67F0-4CDE-9C23-9051D258B59F}"
EndProject
Project("{2150E333-8FDC-42A3-9474-1A3956D46DE8}") = "Solution Items", "Solution Items", "{A542ED20-C993-4310-9CD1-0338FE691849}"
	ProjectSection(SolutionItems) = preProject
		README.md = README.md
	EndProjectSection
EndProject
Global
	GlobalSection(SolutionConfigurationPlatforms) = preSolution
		Debug|Any CPU = Debug|Any CPU
		Release|Any CPU = Release|Any CPU
	EndGlobalSection
	GlobalSection(ProjectConfigurationPlatforms) = postSolution
		{94996817-67F0-4CDE-9C23-9051D258B59F}.Debug|Any CPU.ActiveCfg = Debug|Any CPU
		{94996817-67F0-4CDE-9C23-9051D258B59F}.Debug|Any CPU.Build.0 = Debug|Any CPU
		{94996817-67F0-4CDE-9C23-9051D258B59F}.Release|Any CPU.ActiveCfg = Release|Any CPU
		{94996817-67F0-4CDE-9C23-9051D258B59F}.Release|Any CPU.Build.0 = Release|Any CPU
	EndGlobalSection
	GlobalSection(SolutionProperties) = preSolution
		HideSolutionNode = FALSE
	EndGlobalSection
	GlobalSection(ExtensibilityGlobals) = postSolution
		SolutionGuid = {A02FC4DF-D69E-4403-BBB5-36C7EBDEDB79}
	EndGlobalSection
EndGlobal
